
Microsoft Visual Studio Solution File, Format Version 12.00
# Visual Studio Version 16
VisualStudioVersion = 16.0.30804.86
MinimumVisualStudioVersion = 10.0.40219.1
Project("{9A19103F-16F7-4668-BE54-9A1E7A4F7556}") = "csharp_discord_bot", "csharp_discord_bot.csproj", "{1B41290B-2E9D-4F2D-A82C-04A45077B639}"
EndProject
Global
	GlobalSection(SolutionConfigurationPlatforms) = preSolution
		Debug|Any CPU = Debug|Any CPU
		Release|Any CPU = Release|Any CPU
	EndGlobalSection
	GlobalSection(ProjectConfigurationPlatforms) = postSolution
		{1B41290B-2E9D-4F2D-A82C-04A45077B639}.Debug|Any CPU.ActiveCfg = Debug|Any CPU
		{1B41290B-2E9D-4F2D-A82C-04A45077B639}.Debug|Any CPU.Build.0 = Debug|Any CPU
		{1B41290B-2E9D-4F2D-A82C-04A45077B639}.Release|Any CPU.ActiveCfg = Release|Any CPU
		{1B41290B-2E9D-4F2D-A82C-04A45077B639}.Release|Any CPU.Build.0 = Release|Any CPU
	EndGlobalSection
	GlobalSection(SolutionProperties) = preSolution
		HideSolutionNode = FALSE
	EndGlobalSection
	GlobalSection(ExtensibilityGlobals) = postSolution
		SolutionGuid = {7F6B73BB-FD98-4BDB-9037-1405B1375929}
	EndGlobalSection
EndGlobal
